{
  "name": "freefem-runner",
  "version": "1.1.0",
  "lockfileVersion": 1,
  "requires": true,
  "dependencies": {
    "etch": {
      "version": "0.14.0",
      "resolved": "https://registry.npmjs.org/etch/-/etch-0.14.0.tgz",
      "integrity": "sha512-puqbFxz7lSm+YK6Q+bvRkNndRv6PRvGscSEhcFjmtL4nX/Az5rRCNPvK3aVTde85c/L5X0vI5kqfnpYddRalJQ=="
    },
    "etch-dom": {
      "version": "1.0.0",
      "resolved": "https://registry.npmjs.org/etch-dom/-/etch-dom-1.0.0.tgz",
      "integrity": "sha1-3plcaK5S/HvAHszNyUp0tOm34AI=",
      "requires": {
        "etch-node": "1.0.3"
      }
    },
    "etch-node": {
      "version": "1.0.3",
      "resolved": "https://registry.npmjs.org/etch-node/-/etch-node-1.0.3.tgz",
      "integrity": "sha1-jMlCcKLXPbBNo5ITuvjiGADTfIM="
    }
  }
}
